
Microsoft Visual Studio Solution File, Format Version 12.00
# Visual Studio Version 16
VisualStudioVersion = 16.0.30804.86
MinimumVisualStudioVersion = 10.0.40219.1
Project("{2150E333-8FDC-42A3-9474-1A3956D46DE8}") = "Logic", "Logic", "{D1FB0712-EE1C-4811-B9D3-95B851E0C304}"
EndProject
Project("{2150E333-8FDC-42A3-9474-1A3956D46DE8}") = "UI", "UI", "{BD718AEC-17B3-4688-BD39-0A881E6FF866}"
EndProject
Project("{2150E333-8FDC-42A3-9474-1A3956D46DE8}") = "Data", "Data", "{F56F2D4B-D131-4993-A2FE-8C8700E92CBA}"
EndProject
Project("{2150E333-8FDC-42A3-9474-1A3956D46DE8}") = "Setup", "Setup", "{12D94E8D-4289-4AEB-A324-3AE50FA1F725}"
EndProject
Project("{930C7802-8A8C-48F9-8165-68863BCCD9DD}") = "Setup", "Setup\Setup\Setup.wixproj", "{06817304-A4B6-4EB0-9F37-7F59909AF166}"
EndProject
Project("{9A19103F-16F7-4668-BE54-9A1E7A4F7556}") = "UI.Desktop", "UI\UI.Desktop\UI.Desktop.csproj", "{B4033A60-6B87-40D8-8481-7BB8729A1BB0}"
EndProject
Project("{9A19103F-16F7-4668-BE54-9A1E7A4F7556}") = "Logic.Core", "Logic\Logic.Core\Logic.Core.csproj", "{30A423BC-B093-4656-9C4D-DC6DC6E75610}"
EndProject
Project("{9A19103F-16F7-4668-BE54-9A1E7A4F7556}") = "Logic.Messages", "Logic\Logic.Messages\Logic.Messages.csproj", "{A999753E-D853-4451-A235-73AF2966DA2F}"
EndProject
Project("{9A19103F-16F7-4668-BE54-9A1E7A4F7556}") = "Logic.UI", "Logic\Logic.UI\Logic.UI.csproj", "{4D7C44C0-724A-4E0C-AE09-EC7410A22BDB}"
EndProject
Project("{9A19103F-16F7-4668-BE54-9A1E7A4F7556}") = "Data.Model", "Data\Data.Model\Data.Model\Data.Model.csproj", "{665145B7-4983-4890-914A-890E8054F682}"
EndProject
Project("{9A19103F-16F7-4668-BE54-9A1E7A4F7556}") = "Data.Types", "Data\Data.Types\Data.Types.csproj", "{54202458-224F-441D-8208-48A03A5C83E0}"
EndProject
Project("{9A19103F-16F7-4668-BE54-9A1E7A4F7556}") = "Base.Logic", "..\Base.Logic\Base.Logic\Base.Logic.csproj", "{F3A0A1D8-CD88-4B55-AD6B-892C9E48BE89}"
EndProject
Global
	GlobalSection(SolutionConfigurationPlatforms) = preSolution
		Debug|Any CPU = Debug|Any CPU
		Debug|x86 = Debug|x86
		Release|Any CPU = Release|Any CPU
		Release|x86 = Release|x86
	EndGlobalSection
	GlobalSection(ProjectConfigurationPlatforms) = postSolution
		{06817304-A4B6-4EB0-9F37-7F59909AF166}.Debug|Any CPU.ActiveCfg = Debug|x86
		{06817304-A4B6-4EB0-9F37-7F59909AF166}.Debug|x86.ActiveCfg = Debug|x86
		{06817304-A4B6-4EB0-9F37-7F59909AF166}.Debug|x86.Build.0 = Debug|x86
		{06817304-A4B6-4EB0-9F37-7F59909AF166}.Release|Any CPU.ActiveCfg = Release|x86
		{06817304-A4B6-4EB0-9F37-7F59909AF166}.Release|x86.ActiveCfg = Release|x86
		{06817304-A4B6-4EB0-9F37-7F59909AF166}.Release|x86.Build.0 = Release|x86
		{B4033A60-6B87-40D8-8481-7BB8729A1BB0}.Debug|Any CPU.ActiveCfg = Debug|Any CPU
		{B4033A60-6B87-40D8-8481-7BB8729A1BB0}.Debug|Any CPU.Build.0 = Debug|Any CPU
		{B4033A60-6B87-40D8-8481-7BB8729A1BB0}.Debug|x86.ActiveCfg = Debug|Any CPU
		{B4033A60-6B87-40D8-8481-7BB8729A1BB0}.Debug|x86.Build.0 = Debug|Any CPU
		{B4033A60-6B87-40D8-8481-7BB8729A1BB0}.Release|Any CPU.ActiveCfg = Release|Any CPU
		{B4033A60-6B87-40D8-8481-7BB8729A1BB0}.Release|Any CPU.Build.0 = Release|Any CPU
		{B4033A60-6B87-40D8-8481-7BB8729A1BB0}.Release|x86.ActiveCfg = Release|Any CPU
		{B4033A60-6B87-40D8-8481-7BB8729A1BB0}.Release|x86.Build.0 = Release|Any CPU
		{30A423BC-B093-4656-9C4D-DC6DC6E75610}.Debug|Any CPU.ActiveCfg = Debug|Any CPU
		{30A423BC-B093-4656-9C4D-DC6DC6E75610}.Debug|Any CPU.Build.0 = Debug|Any CPU
		{30A423BC-B093-4656-9C4D-DC6DC6E75610}.Debug|x86.ActiveCfg = Debug|Any CPU
		{30A423BC-B093-4656-9C4D-DC6DC6E75610}.Debug|x86.Build.0 = Debug|Any CPU
		{30A423BC-B093-4656-9C4D-DC6DC6E75610}.Release|Any CPU.ActiveCfg = Release|Any CPU
		{30A423BC-B093-4656-9C4D-DC6DC6E75610}.Release|Any CPU.Build.0 = Release|Any CPU
		{30A423BC-B093-4656-9C4D-DC6DC6E75610}.Release|x86.ActiveCfg = Release|Any CPU
		{30A423BC-B093-4656-9C4D-DC6DC6E75610}.Release|x86.Build.0 = Release|Any CPU
		{A999753E-D853-4451-A235-73AF2966DA2F}.Debug|Any CPU.ActiveCfg = Debug|Any CPU
		{A999753E-D853-4451-A235-73AF2966DA2F}.Debug|Any CPU.Build.0 = Debug|Any CPU
		{A999753E-D853-4451-A235-73AF2966DA2F}.Debug|x86.ActiveCfg = Debug|Any CPU
		{A999753E-D853-4451-A235-73AF2966DA2F}.Debug|x86.Build.0 = Debug|Any CPU
		{A999753E-D853-4451-A235-73AF2966DA2F}.Release|Any CPU.ActiveCfg = Release|Any CPU
		{A999753E-D853-4451-A235-73AF2966DA2F}.Release|Any CPU.Build.0 = Release|Any CPU
		{A999753E-D853-4451-A235-73AF2966DA2F}.Release|x86.ActiveCfg = Release|Any CPU
		{A999753E-D853-4451-A235-73AF2966DA2F}.Release|x86.Build.0 = Release|Any CPU
		{4D7C44C0-724A-4E0C-AE09-EC7410A22BDB}.Debug|Any CPU.ActiveCfg = Debug|Any CPU
		{4D7C44C0-724A-4E0C-AE09-EC7410A22BDB}.Debug|Any CPU.Build.0 = Debug|Any CPU
		{4D7C44C0-724A-4E0C-AE09-EC7410A22BDB}.Debug|x86.ActiveCfg = Debug|Any CPU
		{4D7C44C0-724A-4E0C-AE09-EC7410A22BDB}.Debug|x86.Build.0 = Debug|Any CPU
		{4D7C44C0-724A-4E0C-AE09-EC7410A22BDB}.Release|Any CPU.ActiveCfg = Release|Any CPU
		{4D7C44C0-724A-4E0C-AE09-EC7410A22BDB}.Release|Any CPU.Build.0 = Release|Any CPU
		{4D7C44C0-724A-4E0C-AE09-EC7410A22BDB}.Release|x86.ActiveCfg = Release|Any CPU
		{4D7C44C0-724A-4E0C-AE09-EC7410A22BDB}.Release|x86.Build.0 = Release|Any CPU
		{665145B7-4983-4890-914A-890E8054F682}.Debug|Any CPU.ActiveCfg = Debug|Any CPU
		{665145B7-4983-4890-914A-890E8054F682}.Debug|Any CPU.Build.0 = Debug|Any CPU
		{665145B7-4983-4890-914A-890E8054F682}.Debug|x86.ActiveCfg = Debug|Any CPU
		{665145B7-4983-4890-914A-890E8054F682}.Debug|x86.Build.0 = Debug|Any CPU
		{665145B7-4983-4890-914A-890E8054F682}.Release|Any CPU.ActiveCfg = Release|Any CPU
		{665145B7-4983-4890-914A-890E8054F682}.Release|Any CPU.Build.0 = Release|Any CPU
		{665145B7-4983-4890-914A-890E8054F682}.Release|x86.ActiveCfg = Release|Any CPU
		{665145B7-4983-4890-914A-890E8054F682}.Release|x86.Build.0 = Release|Any CPU
		{54202458-224F-441D-8208-48A03A5C83E0}.Debug|Any CPU.ActiveCfg = Debug|Any CPU
		{54202458-224F-441D-8208-48A03A5C83E0}.Debug|Any CPU.Build.0 = Debug|Any CPU
		{54202458-224F-441D-8208-48A03A5C83E0}.Debug|x86.ActiveCfg = Debug|Any CPU
		{54202458-224F-441D-8208-48A03A5C83E0}.Debug|x86.Build.0 = Debug|Any CPU
		{54202458-224F-441D-8208-48A03A5C83E0}.Release|Any CPU.ActiveCfg = Release|Any CPU
		{54202458-224F-441D-8208-48A03A5C83E0}.Release|Any CPU.Build.0 = Release|Any CPU
		{54202458-224F-441D-8208-48A03A5C83E0}.Release|x86.ActiveCfg = Release|Any CPU
		{54202458-224F-441D-8208-48A03A5C83E0}.Release|x86.Build.0 = Release|Any CPU
		{F3A0A1D8-CD88-4B55-AD6B-892C9E48BE89}.Debug|Any CPU.ActiveCfg = Debug|Any CPU
		{F3A0A1D8-CD88-4B55-AD6B-892C9E48BE89}.Debug|Any CPU.Build.0 = Debug|Any CPU
		{F3A0A1D8-CD88-4B55-AD6B-892C9E48BE89}.Debug|x86.ActiveCfg = Debug|Any CPU
		{F3A0A1D8-CD88-4B55-AD6B-892C9E48BE89}.Debug|x86.Build.0 = Debug|Any CPU
		{F3A0A1D8-CD88-4B55-AD6B-892C9E48BE89}.Release|Any CPU.ActiveCfg = Release|Any CPU
		{F3A0A1D8-CD88-4B55-AD6B-892C9E48BE89}.Release|Any CPU.Build.0 = Release|Any CPU
		{F3A0A1D8-CD88-4B55-AD6B-892C9E48BE89}.Release|x86.ActiveCfg = Release|Any CPU
		{F3A0A1D8-CD88-4B55-AD6B-892C9E48BE89}.Release|x86.Build.0 = Release|Any CPU
	EndGlobalSection
	GlobalSection(SolutionProperties) = preSolution
		HideSolutionNode = FALSE
	EndGlobalSection
	GlobalSection(NestedProjects) = preSolution
		{06817304-A4B6-4EB0-9F37-7F59909AF166} = {12D94E8D-4289-4AEB-A324-3AE50FA1F725}
		{B4033A60-6B87-40D8-8481-7BB8729A1BB0} = {BD718AEC-17B3-4688-BD39-0A881E6FF866}
		{30A423BC-B093-4656-9C4D-DC6DC6E75610} = {D1FB0712-EE1C-4811-B9D3-95B851E0C304}
		{A999753E-D853-4451-A235-73AF2966DA2F} = {D1FB0712-EE1C-4811-B9D3-95B851E0C304}
		{4D7C44C0-724A-4E0C-AE09-EC7410A22BDB} = {D1FB0712-EE1C-4811-B9D3-95B851E0C304}
		{665145B7-4983-4890-914A-890E8054F682} = {F56F2D4B-D131-4993-A2FE-8C8700E92CBA}
		{54202458-224F-441D-8208-48A03A5C83E0} = {F56F2D4B-D131-4993-A2FE-8C8700E92CBA}
	EndGlobalSection
	GlobalSection(ExtensibilityGlobals) = postSolution
		SolutionGuid = {729E25D0-18A2-4637-8544-587993F3047D}
	EndGlobalSection
EndGlobal
